
Microsoft Visual Studio Solution File, Format Version 12.00
# Visual Studio Version 17
VisualStudioVersion = 17.2.32505.173
MinimumVisualStudioVersion = 10.0.40219.1
Project("{9A19103F-16F7-4668-BE54-9A1E7A4F7556}") = "SMIS", "SeeTech\SMIS.csproj", "{41E86AEA-5D66-442E-8333-F97548355BD3}"
EndProject
Global
	GlobalSection(SolutionConfigurationPlatforms) = preSolution
		Debug|Any CPU = Debug|Any CPU
		Release|Any CPU = Release|Any CPU
	EndGlobalSection
	GlobalSection(ProjectConfigurationPlatforms) = postSolution
		{41E86AEA-5D66-442E-8333-F97548355BD3}.Debug|Any CPU.ActiveCfg = Debug|Any CPU
		{41E86AEA-5D66-442E-8333-F97548355BD3}.Debug|Any CPU.Build.0 = Debug|Any CPU
		{41E86AEA-5D66-442E-8333-F97548355BD3}.Release|Any CPU.ActiveCfg = Release|Any CPU
		{41E86AEA-5D66-442E-8333-F97548355BD3}.Release|Any CPU.Build.0 = Release|Any CPU
	EndGlobalSection
	GlobalSection(SolutionProperties) = preSolution
		HideSolutionNode = FALSE
	EndGlobalSection
	GlobalSection(ExtensibilityGlobals) = postSolution
		SolutionGuid = {9BCDEB81-9997-4719-BFCB-6BA2DA857E1E}
	EndGlobalSection
EndGlobal
